// !$*UTF8*$!
{
	archiveVersion = 1;
	classes = {
	};
	objectVersion = 46;
	objects = {

/* Begin PBXBuildFile section */
		4B2018AE1D9770F200E47310 /* QuadraticEquation.cpp in Sources */ = {isa = PBXBuildFile; fileRef = 4B2018AD1D9770F200E47310 /* QuadraticEquation.cpp */; };
		4B2018B11D9773FB00E47310 /* EvenNumber.cpp in Sources */ = {isa = PBXBuildFile; fileRef = 4B2018B01D9773FB00E47310 /* EvenNumber.cpp */; };
		4B2287DE1D93951D00E81382 /* main.cpp in Sources */ = {isa = PBXBuildFile; fileRef = 4B2287DD1D93951D00E81382 /* main.cpp */; };
		4B69573E1D9609D7007DE206 /* Fan.cpp in Sources */ = {isa = PBXBuildFile; fileRef = 4B69573D1D9609D7007DE206 /* Fan.cpp */; };
/* End PBXBuildFile section */

/* Begin PBXCopyFilesBuildPhase section */
		4B2287D81D93951C00E81382 /* CopyFiles */ = {
			isa = PBXCopyFilesBuildPhase;
			buildActionMask = 2147483647;
			dstPath = /usr/share/man/man1/;
			dstSubfolderSpec = 0;
			files = (
			);
			runOnlyForDeploymentPostprocessing = 1;
		};
/* End PBXCopyFilesBuildPhase section */

/* Begin PBXFileReference section */
		4B2018AC1D9770DE00E47310 /* QuadraticEquation.h */ = {isa = PBXFileReference; lastKnownFileType = sourcecode.c.h; path = QuadraticEquation.h; sourceTree = "<group>"; };
		4B2018AD1D9770F200E47310 /* QuadraticEquation.cpp */ = {isa = PBXFileReference; fileEncoding = 4; lastKnownFileType = sourcecode.cpp.cpp; path = QuadraticEquation.cpp; sourceTree = "<group>"; };
		4B2018AF1D9773EF00E47310 /* EvenNumber.h */ = {isa = PBXFileReference; lastKnownFileType = sourcecode.c.h; path = EvenNumber.h; sourceTree = "<group>"; };
		4B2018B01D9773FB00E47310 /* EvenNumber.cpp */ = {isa = PBXFileReference; fileEncoding = 4; lastKnownFileType = sourcecode.cpp.cpp; path = EvenNumber.cpp; sourceTree = "<group>"; };
		4B2287DA1D93951D00E81382 /* Homework 03 */ = {isa = PBXFileReference; explicitFileType = "compiled.mach-o.executable"; includeInIndex = 0; path = "Homework 03"; sourceTree = BUILT_PRODUCTS_DIR; };
		4B2287DD1D93951D00E81382 /* main.cpp */ = {isa = PBXFileReference; lastKnownFileType = sourcecode.cpp.cpp; path = main.cpp; sourceTree = "<group>"; };
		4B69573C1D9609C5007DE206 /* Fan.h */ = {isa = PBXFileReference; lastKnownFileType = sourcecode.c.h; path = Fan.h; sourceTree = "<group>"; };
		4B69573D1D9609D7007DE206 /* Fan.cpp */ = {isa = PBXFileReference; fileEncoding = 4; lastKnownFileType = sourcecode.cpp.cpp; path = Fan.cpp; sourceTree = "<group>"; };
/* End PBXFileReference section */

/* Begin PBXFrameworksBuildPhase section */
		4B2287D71D93951C00E81382 /* Frameworks */ = {
			isa = PBXFrameworksBuildPhase;
			buildActionMask = 2147483647;
			files = (
			);
			runOnlyForDeploymentPostprocessing = 0;
		};
/* End PBXFrameworksBuildPhase section */

/* Begin PBXGroup section */
		4B2287D11D93951C00E81382 = {
			isa = PBXGroup;
			children = (
				4B2287DC1D93951D00E81382 /* Homework 03 */,
				4B2287DB1D93951D00E81382 /* Products */,
			);
			sourceTree = "<group>";
		};
		4B2287DB1D93951D00E81382 /* Products */ = {
			isa = PBXGroup;
			children = (
				4B2287DA1D93951D00E81382 /* Homework 03 */,
			);
			name = Products;
			sourceTree = "<group>";
		};
		4B2287DC1D93951D00E81382 /* Homework 03 */ = {
			isa = PBXGroup;
			children = (
				4B2287DD1D93951D00E81382 /* main.cpp */,
				4B69573C1D9609C5007DE206 /* Fan.h */,
				4B69573D1D9609D7007DE206 /* Fan.cpp */,
				4B2018AC1D9770DE00E47310 /* QuadraticEquation.h */,
				4B2018AD1D9770F200E47310 /* QuadraticEquation.cpp */,
				4B2018AF1D9773EF00E47310 /* EvenNumber.h */,
				4B2018B01D9773FB00E47310 /* EvenNumber.cpp */,
			);
			path = "Homework 03";
			sourceTree = "<group>";
		};
/* End PBXGroup section */

/* Begin PBXNativeTarget section */
		4B2287D91D93951C00E81382 /* Homework 03 */ = {
			isa = PBXNativeTarget;
			buildConfigurationList = 4B2287E11D93951E00E81382 /* Build configuration list for PBXNativeTarget "Homework 03" */;
			buildPhases = (
				4B2287D61D93951C00E81382 /* Sources */,
				4B2287D71D93951C00E81382 /* Frameworks */,
				4B2287D81D93951C00E81382 /* CopyFiles */,
			);
			buildRules = (
			);
			dependencies = (
			);
			name = "Homework 03";
			productName = "Homework 03";
			productReference = 4B2287DA1D93951D00E81382 /* Homework 03 */;
			productType = "com.apple.product-type.tool";
		};
/* End PBXNativeTarget section */

/* Begin PBXProject section */
		4B2287D21D93951C00E81382 /* Project object */ = {
			isa = PBXProject;
			attributes = {
				LastUpgradeCheck = 0800;
				ORGANIZATIONNAME = "Steven Mumford";
				TargetAttributes = {
					4B2287D91D93951C00E81382 = {
						CreatedOnToolsVersion = 8.0;
						ProvisioningStyle = Automatic;
					};
				};
			};
			buildConfigurationList = 4B2287D51D93951C00E81382 /* Build configuration list for PBXProject "Homework 03" */;
			compatibilityVersion = "Xcode 3.2";
			developmentRegion = English;
			hasScannedForEncodings = 0;
			knownRegions = (
				en,
			);
			mainGroup = 4B2287D11D93951C00E81382;
			productRefGroup = 4B2287DB1D93951D00E81382 /* Products */;
			projectDirPath = "";
			projectRoot = "";
			targets = (
				4B2287D91D93951C00E81382 /* Homework 03 */,
			);
		};
/* End PBXProject section */

/* Begin PBXSourcesBuildPhase section */
		4B2287D61D93951C00E81382 /* Sources */ = {
			isa = PBXSourcesBuildPhase;
			buildActionMask = 2147483647;
			files = (
				4B2287DE1D93951D00E81382 /* main.cpp in Sources */,
				4B2018AE1D9770F200E47310 /* QuadraticEquation.cpp in Sources */,
				4B2018B11D9773FB00E47310 /* EvenNumber.cpp in Sources */,
				4B69573E1D9609D7007DE206 /* Fan.cpp in Sources */,
			);
			runOnlyForDeploymentPostprocessing = 0;
		};
/* End PBXSourcesBuildPhase section */

/* Begin XCBuildConfiguration section */
		4B2287DF1D93951E00E81382 /* Debug */ = {
			isa = XCBuildConfiguration;
			buildSettings = {
				ALWAYS_SEARCH_USER_PATHS = NO;
				CLANG_ANALYZER_NONNULL = YES;
				CLANG_CXX_LANGUAGE_STANDARD = "gnu++0x";
				CLANG_CXX_LIBRARY = "libc++";
				CLANG_ENABLE_MODULES = YES;
				CLANG_ENABLE_OBJC_ARC = YES;
				CLANG_WARN_BOOL_CONVERSION = YES;
				CLANG_WARN_CONSTANT_CONVERSION = YES;
				CLANG_WARN_DIRECT_OBJC_ISA_USAGE = YES_ERROR;
				CLANG_WARN_DOCUMENTATION_COMMENTS = YES;
				CLANG_WARN_EMPTY_BODY = YES;
				CLANG_WARN_ENUM_CONVERSION = YES;
				CLANG_WARN_INFINITE_RECURSION = YES;
				CLANG_WARN_INT_CONVERSION = YES;
				CLANG_WARN_OBJC_ROOT_CLASS = YES_ERROR;
				CLANG_WARN_SUSPICIOUS_MOVES = YES;
				CLANG_WARN_UNREACHABLE_CODE = YES;
				CLANG_WARN__DUPLICATE_METHOD_MATCH = YES;
				CODE_SIGN_IDENTITY = "-";
				COPY_PHASE_STRIP = NO;
				DEBUG_INFORMATION_FORMAT = dwarf;
				ENABLE_STRICT_OBJC_MSGSEND = YES;
				ENABLE_TESTABILITY = YES;
				GCC_C_LANGUAGE_STANDARD = gnu99;
				GCC_DYNAMIC_NO_PIC = NO;
				GCC_NO_COMMON_BLOCKS = YES;
				GCC_OPTIMIZATION_LEVEL = 0;
				GCC_PREPROCESSOR_DEFINITIONS = (
					"DEBUG=1",
					"$(inherited)",
				);
				GCC_WARN_64_TO_32_BIT_CONVERSION = YES;
				GCC_WARN_ABOUT_RETURN_TYPE = YES_ERROR;
				GCC_WARN_UNDECLARED_SELECTOR = YES;
				GCC_WARN_UNINITIALIZED_AUTOS = YES_AGGRESSIVE;
				GCC_WARN_UNUSED_FUNCTION = YES;
				GCC_WARN_UNUSED_VARIABLE = YES;
				MACOSX_DEPLOYMENT_TARGET = 10.11;
				MTL_ENABLE_DEBUG_INFO = YES;
				ONLY_ACTIVE_ARCH = YES;
				SDKROOT = macosx;
			};
			name = Debug;
		};
		4B2287E01D93951E00E81382 /* Release */ = {
			isa = XCBuildConfiguration;
			buildSettings = {
				ALWAYS_SEARCH_USER_PATHS = NO;
				CLANG_ANALYZER_NONNULL = YES;
				CLANG_CXX_LANGUAGE_STANDARD = "gnu++0x";
				CLANG_CXX_LIBRARY = "libc++";
				CLANG_ENABLE_MODULES = YES;
				CLANG_ENABLE_OBJC_ARC = YES;
				CLANG_WARN_BOOL_CONVERSION = YES;
				CLANG_WARN_CONSTANT_CONVERSION = YES;
				CLANG_WARN_DIRECT_OBJC_ISA_USAGE = YES_ERROR;
				CLANG_WARN_DOCUMENTATION_COMMENTS = YES;
				CLANG_WARN_EMPTY_BODY = YES;
				CLANG_WARN_ENUM_CONVERSION = YES;
				CLANG_WARN_INFINITE_RECURSION = YES;
				CLANG_WARN_INT_CONVERSION = YES;
				CLANG_WARN_OBJC_ROOT_CLASS = YES_ERROR;
				CLANG_WARN_SUSPICIOUS_MOVES = YES;
				CLANG_WARN_UNREACHABLE_CODE = YES;
				CLANG_WARN__DUPLICATE_METHOD_MATCH = YES;
				CODE_SIGN_IDENTITY = "-";
				COPY_PHASE_STRIP = NO;
				DEBUG_INFORMATION_FORMAT = "dwarf-with-dsym";
				ENABLE_NS_ASSERTIONS = NO;
				ENABLE_STRICT_OBJC_MSGSEND = YES;
				GCC_C_LANGUAGE_STANDARD = gnu99;
				GCC_NO_COMMON_BLOCKS = YES;
				GCC_WARN_64_TO_32_BIT_CONVERSION = YES;
				GCC_WARN_ABOUT_RETURN_TYPE = YES_ERROR;
				GCC_WARN_UNDECLARED_SELECTOR = YES;
				GCC_WARN_UNINITIALIZED_AUTOS = YES_AGGRESSIVE;
				GCC_WARN_UNUSED_FUNCTION = YES;
				GCC_WARN_UNUSED_VARIABLE = YES;
				MACOSX_DEPLOYMENT_TARGET = 10.11;
				MTL_ENABLE_DEBUG_INFO = NO;
				SDKROOT = macosx;
			};
			name = Release;
		};
		4B2287E21D93951E00E81382 /* Debug */ = {
			isa = XCBuildConfiguration;
			buildSettings = {
				PRODUCT_NAME = "$(TARGET_NAME)";
			};
			name = Debug;
		};
		4B2287E31D93951E00E81382 /* Release */ = {
			isa = XCBuildConfiguration;
			buildSettings = {
				PRODUCT_NAME = "$(TARGET_NAME)";
			};
			name = Release;
		};
/* End XCBuildConfiguration section */

/* Begin XCConfigurationList section */
		4B2287D51D93951C00E81382 /* Build configuration list for PBXProject "Homework 03" */ = {
			isa = XCConfigurationList;
			buildConfigurations = (
				4B2287DF1D93951E00E81382 /* Debug */,
				4B2287E01D93951E00E81382 /* Release */,
			);
			defaultConfigurationIsVisible = 0;
			defaultConfigurationName = Release;
		};
		4B2287E11D93951E00E81382 /* Build configuration list for PBXNativeTarget "Homework 03" */ = {
			isa = XCConfigurationList;
			buildConfigurations = (
				4B2287E21D93951E00E81382 /* Debug */,
				4B2287E31D93951E00E81382 /* Release */,
			);
			defaultConfigurationIsVisible = 0;
			defaultConfigurationName = Release;
		};
/* End XCConfigurationList section */
	};
	rootObject = 4B2287D21D93951C00E81382 /* Project object */;
}
